# This file is autogenerated, do not edit; changes may be undone by the next 'dep ensure'.


[[projects]]
  name = "github.com/fhs/gompd"
  packages = ["mpd"]
  revision = "3c02eec3bcb53632cb9d7afea23baf363305384c"
  version = "v2.0.2"

[[projects]]
  name = "github.com/go-chi/chi"
  packages = ["."]
  revision = "e83ac2304db3c50cf03d96a2fcd39009d458bc35"
  version = "v3.3.2"

[[projects]]
  name = "github.com/tdewolff/minify"
  packages = ["."]
  revision = "222672169d634c440a73abc47685074e1a9daa60"
  version = "v2.3.4"

[[projects]]
  name = "github.com/tdewolff/parse"
  packages = [
    ".",
    "buffer",
    "strconv"
  ]
  revision = "639f6272aec6b52094db77b9ec488214b0b4b1a1"
  version = "v2.3.2"

[[projects]]
  branch = "master"
  name = "github.com/tmthrgd/go-bindata"
  packages = [
    ".",
    "internal/identifier",
    "restore"
  ]
  revision = "40f4993ede74f673cfe96bed75ef8513a389a00a"

[[projects]]
  branch = "release-branch.go1.8"
  name = "golang.org/x/net"
  packages = ["websocket"]
  revision = "186fd3fc8194a5e9980a82230d69c1ff7134229f"

[solve-meta]
  analyzer-name = "dep"
  analyzer-version = 1
  inputs-digest = "7f020f253988bfae07934a74b0cfd6aa7668a94358db894ae0d3c67e7fea3ce5"
  solver-name = "gps-cdcl"
  solver-version = 1
